
Microsoft Visual Studio Solution File, Format Version 12.00
# Visual Studio Version 16
VisualStudioVersion = 16.0.31025.194
MinimumVisualStudioVersion = 10.0.40219.1
Project("{FAE04EC0-301F-11D3-BF4B-00C04F79EFBC}") = "API Practice", "API Practice\API Practice.csproj", "{8AD13D0A-83B5-423B-9C89-FAD12745270D}"
EndProject
Global
	GlobalSection(SolutionConfigurationPlatforms) = preSolution
		Debug|Any CPU = Debug|Any CPU
		Release|Any CPU = Release|Any CPU
	EndGlobalSection
	GlobalSection(ProjectConfigurationPlatforms) = postSolution
		{8AD13D0A-83B5-423B-9C89-FAD12745270D}.Debug|Any CPU.ActiveCfg = Debug|Any CPU
		{8AD13D0A-83B5-423B-9C89-FAD12745270D}.Debug|Any CPU.Build.0 = Debug|Any CPU
		{8AD13D0A-83B5-423B-9C89-FAD12745270D}.Release|Any CPU.ActiveCfg = Release|Any CPU
		{8AD13D0A-83B5-423B-9C89-FAD12745270D}.Release|Any CPU.Build.0 = Release|Any CPU
	EndGlobalSection
	GlobalSection(SolutionProperties) = preSolution
		HideSolutionNode = FALSE
	EndGlobalSection
	GlobalSection(ExtensibilityGlobals) = postSolution
		SolutionGuid = {D0DF229B-DE2C-4DAD-B380-1E759D6CD8EB}
	EndGlobalSection
EndGlobal
