
Microsoft Visual Studio Solution File, Format Version 12.00
# Visual Studio Version 16
VisualStudioVersion = 16.0.31025.194
MinimumVisualStudioVersion = 10.0.40219.1
Project("{FAE04EC0-301F-11D3-BF4B-00C04F79EFBC}") = "API_practice", "API_practice\API_practice.csproj", "{FE06A596-1FD8-419D-A563-5FD14F64AE01}"
EndProject
Global
	GlobalSection(SolutionConfigurationPlatforms) = preSolution
		Debug|Any CPU = Debug|Any CPU
		Release|Any CPU = Release|Any CPU
	EndGlobalSection
	GlobalSection(ProjectConfigurationPlatforms) = postSolution
		{FE06A596-1FD8-419D-A563-5FD14F64AE01}.Debug|Any CPU.ActiveCfg = Debug|Any CPU
		{FE06A596-1FD8-419D-A563-5FD14F64AE01}.Debug|Any CPU.Build.0 = Debug|Any CPU
		{FE06A596-1FD8-419D-A563-5FD14F64AE01}.Release|Any CPU.ActiveCfg = Release|Any CPU
		{FE06A596-1FD8-419D-A563-5FD14F64AE01}.Release|Any CPU.Build.0 = Release|Any CPU
	EndGlobalSection
	GlobalSection(SolutionProperties) = preSolution
		HideSolutionNode = FALSE
	EndGlobalSection
	GlobalSection(ExtensibilityGlobals) = postSolution
		SolutionGuid = {986CE736-FC8C-458E-91BD-10EBEA571CA9}
	EndGlobalSection
EndGlobal
